
Microsoft Visual Studio Solution File, Format Version 12.00
# Visual Studio 2013
VisualStudioVersion = 12.0.40629.0
MinimumVisualStudioVersion = 10.0.40219.1
Project("{FAE04EC0-301F-11D3-BF4B-00C04F79EFBC}") = "Driver.Tiles.Console", "DriverConsole\Driver.Tiles.Console.csproj", "{2AFA0977-9321-4347-9DD0-6A1D54A887CF}"
EndProject
Project("{FAE04EC0-301F-11D3-BF4B-00C04F79EFBC}") = "Tiles", "Tiles\Tiles.csproj", "{DBE6C63C-CD28-4C24-920C-2776DA05FFF4}"
EndProject
Project("{FAE04EC0-301F-11D3-BF4B-00C04F79EFBC}") = "Tiles.Render.Console", "Tiles.Render.Console\Tiles.Render.Console.csproj", "{EE6E4B3B-AB93-4FE0-BD9A-399AD55C66AF}"
EndProject
Project("{FAE04EC0-301F-11D3-BF4B-00C04F79EFBC}") = "Tiles.Control.Console", "Tiles.Control.Console\Tiles.Control.Console.csproj", "{0F49F575-5ABA-44F5-9098-A64360165397}"
EndProject
Project("{FAE04EC0-301F-11D3-BF4B-00C04F79EFBC}") = "Tiles.Tests", "Tiles.Tests\Tiles.Tests.csproj", "{B6E9342B-4B76-4D6E-9F70-469877EABD73}"
EndProject
Project("{FAE04EC0-301F-11D3-BF4B-00C04F79EFBC}") = "Tiles.Tests.Assertions", "Tiles.Tests.Asserter\Tiles.Tests.Assertions.csproj", "{455D8354-EC42-4D10-B493-632DAF38F5EC}"
EndProject
Project("{FAE04EC0-301F-11D3-BF4B-00C04F79EFBC}") = "Tiles.Control.Console.Tests", "Tiles.Control.Console.Tests\Tiles.Control.Console.Tests.csproj", "{65AD652A-1ADE-42C3-B9CA-35B94A7A6883}"
EndProject
Project("{FAE04EC0-301F-11D3-BF4B-00C04F79EFBC}") = "Tiles.Math", "Tiles.Math\Tiles.Math.csproj", "{49E4B040-9DDF-4120-87CA-9D296F4F01B9}"
EndProject
Project("{FAE04EC0-301F-11D3-BF4B-00C04F79EFBC}") = "Tiles.Math.Tests", "Tiles.Math.Tests\Tiles.Math.Tests.csproj", "{7E49399A-C316-4ABA-8180-E164C0E0C212}"
EndProject
Project("{FAE04EC0-301F-11D3-BF4B-00C04F79EFBC}") = "Tiles.Console", "Tiles.Console\Tiles.Console.csproj", "{9817AAD4-2B44-46FD-9E2C-724C7094ED88}"
EndProject
Project("{FAE04EC0-301F-11D3-BF4B-00C04F79EFBC}") = "Tiles.Random", "Tiles.Random\Tiles.Random.csproj", "{604A0F97-F866-4852-9882-0708F88B2BA1}"
EndProject
Project("{FAE04EC0-301F-11D3-BF4B-00C04F79EFBC}") = "Tiles.Control", "Tiles.Control\Tiles.Control.csproj", "{DA61F81D-CD5C-4B0E-B6D2-BC1E444CFFD6}"
EndProject
Project("{FAE04EC0-301F-11D3-BF4B-00C04F79EFBC}") = "Tiles.Gsm", "Tiles.Gsm\Tiles.Gsm.csproj", "{EF3E4903-2FEC-48C1-B05B-8D8763B04337}"
EndProject
Project("{FAE04EC0-301F-11D3-BF4B-00C04F79EFBC}") = "Tiles.ScreensImpl", "Tiles.ScreensImpl\Tiles.ScreensImpl.csproj", "{1A551A35-8E59-4A0D-B2C0-B87CA7FCB57F}"
EndProject
Project("{FAE04EC0-301F-11D3-BF4B-00C04F79EFBC}") = "Tiles.StringManipulation", "Tiles.StringManipulation\Tiles.StringManipulation.csproj", "{C82377C3-3890-40D2-859B-9755375F6958}"
EndProject
Project("{FAE04EC0-301F-11D3-BF4B-00C04F79EFBC}") = "Tiles.Gsm.Tests", "Tiles.Gsm.Tests\Tiles.Gsm.Tests.csproj", "{4536F147-5D28-468F-97C2-32EDE3C96C16}"
EndProject
Project("{FAE04EC0-301F-11D3-BF4B-00C04F79EFBC}") = "Tiles.StringManipulation.Tests", "Tiles.StringManipulation.Tests\Tiles.StringManipulation.Tests.csproj", "{105B71A6-9C2A-4F9F-BBDA-37241B851D9D}"
EndProject
Project("{2150E333-8FDC-42A3-9474-1A3956D46DE8}") = "Solution Items", "Solution Items", "{C4A43F31-FF6A-457A-9280-89F8664FFF19}"
	ProjectSection(SolutionItems) = preProject
		Performance1.psess = Performance1.psess
	EndProjectSection
EndProject
Project("{FAE04EC0-301F-11D3-BF4B-00C04F79EFBC}") = "DfNet.Raws", "DfNet.Raws\DfNet.Raws.csproj", "{559E9C2C-01CA-4665-83BF-6A757E71818B}"
EndProject
Project("{FAE04EC0-301F-11D3-BF4B-00C04F79EFBC}") = "DfNet.Raws.Tests", "DfNet.Raws.Tests\DfNet.Raws.Tests.csproj", "{A4C2573E-4B4C-4ABC-98D6-4FA2AA85AE5E}"
EndProject
Project("{FAE04EC0-301F-11D3-BF4B-00C04F79EFBC}") = "Tiles.Content", "Tiles.Content\Tiles.Content.csproj", "{CC16A028-84D2-4018-9D6C-D282B01BD00C}"
EndProject
Project("{FAE04EC0-301F-11D3-BF4B-00C04F79EFBC}") = "Tiles.Content.Bridge.DfNet", "Tiles.Content.Bridge.DfNet\Tiles.Content.Bridge.DfNet.csproj", "{EA837AF3-7951-4923-B5DF-98259C0D3454}"
EndProject
Project("{FAE04EC0-301F-11D3-BF4B-00C04F79EFBC}") = "Tiles.Content.Bridge.DfNet.Tests", "Tiles.Content.Bridge.DfNet.Tests\Tiles.Content.Bridge.DfNet.Tests.csproj", "{C4BC2AFB-B2EA-461E-9F07-BC4D86E8F5C7}"
EndProject
Project("{FAE04EC0-301F-11D3-BF4B-00C04F79EFBC}") = "Tiles.Content.Bridge.DfNet.IntegrationTests", "Tiles.Content.Bridge.DfNet.IntegrationTests\Tiles.Content.Bridge.DfNet.IntegrationTests.csproj", "{F85DB15C-D861-4338-8A0B-3D4AD270681C}"
EndProject
Project("{FAE04EC0-301F-11D3-BF4B-00C04F79EFBC}") = "Tiles.Content.Map", "Tiles.Content.Map\Tiles.Content.Map.csproj", "{06E5B290-28D4-4713-B20C-0CB180B69494}"
EndProject
Project("{FAE04EC0-301F-11D3-BF4B-00C04F79EFBC}") = "Driver.Tiles.WindowsForms", "Driver.WindowsForms\Driver.Tiles.WindowsForms.csproj", "{54B59ECA-83B7-43F8-9065-C684F690ABC0}"
EndProject
Project("{FAE04EC0-301F-11D3-BF4B-00C04F79EFBC}") = "Tiles.Render.WindowsForms", "Tiles.Render.WindowsForms\Tiles.Render.WindowsForms.csproj", "{FF2BAC87-6727-4CA1-A43D-83288ADA0895}"
EndProject
Project("{FAE04EC0-301F-11D3-BF4B-00C04F79EFBC}") = "Tiles.EngineIntegrationTests", "Tiles.EngineIntegrationTests\Tiles.EngineIntegrationTests.csproj", "{5089581E-FB76-4D6F-A8A1-374339059B03}"
EndProject
Project("{FAE04EC0-301F-11D3-BF4B-00C04F79EFBC}") = "Tiles.Materials", "Tiles.Materials\Tiles.Materials.csproj", "{4C1D66EB-9841-4703-B31C-6FE081152718}"
EndProject
Project("{FAE04EC0-301F-11D3-BF4B-00C04F79EFBC}") = "Tiles.Materials.Tests", "Tiles.Materials.Tests\Tiles.Materials.Tests.csproj", "{0BB048BF-B33D-462E-A745-F5AFD5ACFC93}"
EndProject
Global
	GlobalSection(SolutionConfigurationPlatforms) = preSolution
		Debug|Any CPU = Debug|Any CPU
		Debug|Mixed Platforms = Debug|Mixed Platforms
		Debug|x86 = Debug|x86
		Release|Any CPU = Release|Any CPU
		Release|Mixed Platforms = Release|Mixed Platforms
		Release|x86 = Release|x86
	EndGlobalSection
	GlobalSection(ProjectConfigurationPlatforms) = postSolution
		{2AFA0977-9321-4347-9DD0-6A1D54A887CF}.Debug|Any CPU.ActiveCfg = Debug|Any CPU
		{2AFA0977-9321-4347-9DD0-6A1D54A887CF}.Debug|Any CPU.Build.0 = Debug|Any CPU
		{2AFA0977-9321-4347-9DD0-6A1D54A887CF}.Debug|Mixed Platforms.ActiveCfg = Debug|Any CPU
		{2AFA0977-9321-4347-9DD0-6A1D54A887CF}.Debug|Mixed Platforms.Build.0 = Debug|Any CPU
		{2AFA0977-9321-4347-9DD0-6A1D54A887CF}.Debug|x86.ActiveCfg = Debug|Any CPU
		{2AFA0977-9321-4347-9DD0-6A1D54A887CF}.Release|Any CPU.ActiveCfg = Release|Any CPU
		{2AFA0977-9321-4347-9DD0-6A1D54A887CF}.Release|Any CPU.Build.0 = Release|Any CPU
		{2AFA0977-9321-4347-9DD0-6A1D54A887CF}.Release|Mixed Platforms.ActiveCfg = Release|Any CPU
		{2AFA0977-9321-4347-9DD0-6A1D54A887CF}.Release|Mixed Platforms.Build.0 = Release|Any CPU
		{2AFA0977-9321-4347-9DD0-6A1D54A887CF}.Release|x86.ActiveCfg = Release|Any CPU
		{DBE6C63C-CD28-4C24-920C-2776DA05FFF4}.Debug|Any CPU.ActiveCfg = Debug|Any CPU
		{DBE6C63C-CD28-4C24-920C-2776DA05FFF4}.Debug|Any CPU.Build.0 = Debug|Any CPU
		{DBE6C63C-CD28-4C24-920C-2776DA05FFF4}.Debug|Mixed Platforms.ActiveCfg = Debug|Any CPU
		{DBE6C63C-CD28-4C24-920C-2776DA05FFF4}.Debug|Mixed Platforms.Build.0 = Debug|Any CPU
		{DBE6C63C-CD28-4C24-920C-2776DA05FFF4}.Debug|x86.ActiveCfg = Debug|Any CPU
		{DBE6C63C-CD28-4C24-920C-2776DA05FFF4}.Release|Any CPU.ActiveCfg = Release|Any CPU
		{DBE6C63C-CD28-4C24-920C-2776DA05FFF4}.Release|Any CPU.Build.0 = Release|Any CPU
		{DBE6C63C-CD28-4C24-920C-2776DA05FFF4}.Release|Mixed Platforms.ActiveCfg = Release|Any CPU
		{DBE6C63C-CD28-4C24-920C-2776DA05FFF4}.Release|Mixed Platforms.Build.0 = Release|Any CPU
		{DBE6C63C-CD28-4C24-920C-2776DA05FFF4}.Release|x86.ActiveCfg = Release|Any CPU
		{EE6E4B3B-AB93-4FE0-BD9A-399AD55C66AF}.Debug|Any CPU.ActiveCfg = Debug|Any CPU
		{EE6E4B3B-AB93-4FE0-BD9A-399AD55C66AF}.Debug|Any CPU.Build.0 = Debug|Any CPU
		{EE6E4B3B-AB93-4FE0-BD9A-399AD55C66AF}.Debug|Mixed Platforms.ActiveCfg = Debug|Any CPU
		{EE6E4B3B-AB93-4FE0-BD9A-399AD55C66AF}.Debug|Mixed Platforms.Build.0 = Debug|Any CPU
		{EE6E4B3B-AB93-4FE0-BD9A-399AD55C66AF}.Debug|x86.ActiveCfg = Debug|Any CPU
		{EE6E4B3B-AB93-4FE0-BD9A-399AD55C66AF}.Release|Any CPU.ActiveCfg = Release|Any CPU
		{EE6E4B3B-AB93-4FE0-BD9A-399AD55C66AF}.Release|Any CPU.Build.0 = Release|Any CPU
		{EE6E4B3B-AB93-4FE0-BD9A-399AD55C66AF}.Release|Mixed Platforms.ActiveCfg = Release|Any CPU
		{EE6E4B3B-AB93-4FE0-BD9A-399AD55C66AF}.Release|Mixed Platforms.Build.0 = Release|Any CPU
		{EE6E4B3B-AB93-4FE0-BD9A-399AD55C66AF}.Release|x86.ActiveCfg = Release|Any CPU
		{0F49F575-5ABA-44F5-9098-A64360165397}.Debug|Any CPU.ActiveCfg = Debug|Any CPU
		{0F49F575-5ABA-44F5-9098-A64360165397}.Debug|Any CPU.Build.0 = Debug|Any CPU
		{0F49F575-5ABA-44F5-9098-A64360165397}.Debug|Mixed Platforms.ActiveCfg = Debug|Any CPU
		{0F49F575-5ABA-44F5-9098-A64360165397}.Debug|Mixed Platforms.Build.0 = Debug|Any CPU
		{0F49F575-5ABA-44F5-9098-A64360165397}.Debug|x86.ActiveCfg = Debug|Any CPU
		{0F49F575-5ABA-44F5-9098-A64360165397}.Release|Any CPU.ActiveCfg = Release|Any CPU
		{0F49F575-5ABA-44F5-9098-A64360165397}.Release|Any CPU.Build.0 = Release|Any CPU
		{0F49F575-5ABA-44F5-9098-A64360165397}.Release|Mixed Platforms.ActiveCfg = Release|Any CPU
		{0F49F575-5ABA-44F5-9098-A64360165397}.Release|Mixed Platforms.Build.0 = Release|Any CPU
		{0F49F575-5ABA-44F5-9098-A64360165397}.Release|x86.ActiveCfg = Release|Any CPU
		{B6E9342B-4B76-4D6E-9F70-469877EABD73}.Debug|Any CPU.ActiveCfg = Debug|Any CPU
		{B6E9342B-4B76-4D6E-9F70-469877EABD73}.Debug|Any CPU.Build.0 = Debug|Any CPU
		{B6E9342B-4B76-4D6E-9F70-469877EABD73}.Debug|Mixed Platforms.ActiveCfg = Debug|Any CPU
		{B6E9342B-4B76-4D6E-9F70-469877EABD73}.Debug|Mixed Platforms.Build.0 = Debug|Any CPU
		{B6E9342B-4B76-4D6E-9F70-469877EABD73}.Debug|x86.ActiveCfg = Debug|Any CPU
		{B6E9342B-4B76-4D6E-9F70-469877EABD73}.Release|Any CPU.ActiveCfg = Release|Any CPU
		{B6E9342B-4B76-4D6E-9F70-469877EABD73}.Release|Any CPU.Build.0 = Release|Any CPU
		{B6E9342B-4B76-4D6E-9F70-469877EABD73}.Release|Mixed Platforms.ActiveCfg = Release|Any CPU
		{B6E9342B-4B76-4D6E-9F70-469877EABD73}.Release|Mixed Platforms.Build.0 = Release|Any CPU
		{B6E9342B-4B76-4D6E-9F70-469877EABD73}.Release|x86.ActiveCfg = Release|Any CPU
		{455D8354-EC42-4D10-B493-632DAF38F5EC}.Debug|Any CPU.ActiveCfg = Debug|Any CPU
		{455D8354-EC42-4D10-B493-632DAF38F5EC}.Debug|Any CPU.Build.0 = Debug|Any CPU
		{455D8354-EC42-4D10-B493-632DAF38F5EC}.Debug|Mixed Platforms.ActiveCfg = Debug|Any CPU
		{455D8354-EC42-4D10-B493-632DAF38F5EC}.Debug|Mixed Platforms.Build.0 = Debug|Any CPU
		{455D8354-EC42-4D10-B493-632DAF38F5EC}.Debug|x86.ActiveCfg = Debug|Any CPU
		{455D8354-EC42-4D10-B493-632DAF38F5EC}.Release|Any CPU.ActiveCfg = Release|Any CPU
		{455D8354-EC42-4D10-B493-632DAF38F5EC}.Release|Any CPU.Build.0 = Release|Any CPU
		{455D8354-EC42-4D10-B493-632DAF38F5EC}.Release|Mixed Platforms.ActiveCfg = Release|Any CPU
		{455D8354-EC42-4D10-B493-632DAF38F5EC}.Release|Mixed Platforms.Build.0 = Release|Any CPU
		{455D8354-EC42-4D10-B493-632DAF38F5EC}.Release|x86.ActiveCfg = Release|Any CPU
		{65AD652A-1ADE-42C3-B9CA-35B94A7A6883}.Debug|Any CPU.ActiveCfg = Debug|Any CPU
		{65AD652A-1ADE-42C3-B9CA-35B94A7A6883}.Debug|Any CPU.Build.0 = Debug|Any CPU
		{65AD652A-1ADE-42C3-B9CA-35B94A7A6883}.Debug|Mixed Platforms.ActiveCfg = Debug|Any CPU
		{65AD652A-1ADE-42C3-B9CA-35B94A7A6883}.Debug|Mixed Platforms.Build.0 = Debug|Any CPU
		{65AD652A-1ADE-42C3-B9CA-35B94A7A6883}.Debug|x86.ActiveCfg = Debug|Any CPU
		{65AD652A-1ADE-42C3-B9CA-35B94A7A6883}.Release|Any CPU.ActiveCfg = Release|Any CPU
		{65AD652A-1ADE-42C3-B9CA-35B94A7A6883}.Release|Any CPU.Build.0 = Release|Any CPU
		{65AD652A-1ADE-42C3-B9CA-35B94A7A6883}.Release|Mixed Platforms.ActiveCfg = Release|Any CPU
		{65AD652A-1ADE-42C3-B9CA-35B94A7A6883}.Release|Mixed Platforms.Build.0 = Release|Any CPU
		{65AD652A-1ADE-42C3-B9CA-35B94A7A6883}.Release|x86.ActiveCfg = Release|Any CPU
		{49E4B040-9DDF-4120-87CA-9D296F4F01B9}.Debug|Any CPU.ActiveCfg = Debug|Any CPU
		{49E4B040-9DDF-4120-87CA-9D296F4F01B9}.Debug|Any CPU.Build.0 = Debug|Any CPU
		{49E4B040-9DDF-4120-87CA-9D296F4F01B9}.Debug|Mixed Platforms.ActiveCfg = Debug|Any CPU
		{49E4B040-9DDF-4120-87CA-9D296F4F01B9}.Debug|Mixed Platforms.Build.0 = Debug|Any CPU
		{49E4B040-9DDF-4120-87CA-9D296F4F01B9}.Debug|x86.ActiveCfg = Debug|Any CPU
		{49E4B040-9DDF-4120-87CA-9D296F4F01B9}.Release|Any CPU.ActiveCfg = Release|Any CPU
		{49E4B040-9DDF-4120-87CA-9D296F4F01B9}.Release|Any CPU.Build.0 = Release|Any CPU
		{49E4B040-9DDF-4120-87CA-9D296F4F01B9}.Release|Mixed Platforms.ActiveCfg = Release|Any CPU
		{49E4B040-9DDF-4120-87CA-9D296F4F01B9}.Release|Mixed Platforms.Build.0 = Release|Any CPU
		{49E4B040-9DDF-4120-87CA-9D296F4F01B9}.Release|x86.ActiveCfg = Release|Any CPU
		{7E49399A-C316-4ABA-8180-E164C0E0C212}.Debug|Any CPU.ActiveCfg = Debug|Any CPU
		{7E49399A-C316-4ABA-8180-E164C0E0C212}.Debug|Any CPU.Build.0 = Debug|Any CPU
		{7E49399A-C316-4ABA-8180-E164C0E0C212}.Debug|Mixed Platforms.ActiveCfg = Debug|Any CPU
		{7E49399A-C316-4ABA-8180-E164C0E0C212}.Debug|Mixed Platforms.Build.0 = Debug|Any CPU
		{7E49399A-C316-4ABA-8180-E164C0E0C212}.Debug|x86.ActiveCfg = Debug|Any CPU
		{7E49399A-C316-4ABA-8180-E164C0E0C212}.Release|Any CPU.ActiveCfg = Release|Any CPU
		{7E49399A-C316-4ABA-8180-E164C0E0C212}.Release|Any CPU.Build.0 = Release|Any CPU
		{7E49399A-C316-4ABA-8180-E164C0E0C212}.Release|Mixed Platforms.ActiveCfg = Release|Any CPU
		{7E49399A-C316-4ABA-8180-E164C0E0C212}.Release|Mixed Platforms.Build.0 = Release|Any CPU
		{7E49399A-C316-4ABA-8180-E164C0E0C212}.Release|x86.ActiveCfg = Release|Any CPU
		{9817AAD4-2B44-46FD-9E2C-724C7094ED88}.Debug|Any CPU.ActiveCfg = Debug|Any CPU
		{9817AAD4-2B44-46FD-9E2C-724C7094ED88}.Debug|Any CPU.Build.0 = Debug|Any CPU
		{9817AAD4-2B44-46FD-9E2C-724C7094ED88}.Debug|Mixed Platforms.ActiveCfg = Debug|Any CPU
		{9817AAD4-2B44-46FD-9E2C-724C7094ED88}.Debug|Mixed Platforms.Build.0 = Debug|Any CPU
		{9817AAD4-2B44-46FD-9E2C-724C7094ED88}.Debug|x86.ActiveCfg = Debug|Any CPU
		{9817AAD4-2B44-46FD-9E2C-724C7094ED88}.Release|Any CPU.ActiveCfg = Release|Any CPU
		{9817AAD4-2B44-46FD-9E2C-724C7094ED88}.Release|Any CPU.Build.0 = Release|Any CPU
		{9817AAD4-2B44-46FD-9E2C-724C7094ED88}.Release|Mixed Platforms.ActiveCfg = Release|Any CPU
		{9817AAD4-2B44-46FD-9E2C-724C7094ED88}.Release|Mixed Platforms.Build.0 = Release|Any CPU
		{9817AAD4-2B44-46FD-9E2C-724C7094ED88}.Release|x86.ActiveCfg = Release|Any CPU
		{604A0F97-F866-4852-9882-0708F88B2BA1}.Debug|Any CPU.ActiveCfg = Debug|Any CPU
		{604A0F97-F866-4852-9882-0708F88B2BA1}.Debug|Any CPU.Build.0 = Debug|Any CPU
		{604A0F97-F866-4852-9882-0708F88B2BA1}.Debug|Mixed Platforms.ActiveCfg = Debug|Any CPU
		{604A0F97-F866-4852-9882-0708F88B2BA1}.Debug|Mixed Platforms.Build.0 = Debug|Any CPU
		{604A0F97-F866-4852-9882-0708F88B2BA1}.Debug|x86.ActiveCfg = Debug|Any CPU
		{604A0F97-F866-4852-9882-0708F88B2BA1}.Release|Any CPU.ActiveCfg = Release|Any CPU
		{604A0F97-F866-4852-9882-0708F88B2BA1}.Release|Any CPU.Build.0 = Release|Any CPU
		{604A0F97-F866-4852-9882-0708F88B2BA1}.Release|Mixed Platforms.ActiveCfg = Release|Any CPU
		{604A0F97-F866-4852-9882-0708F88B2BA1}.Release|Mixed Platforms.Build.0 = Release|Any CPU
		{604A0F97-F866-4852-9882-0708F88B2BA1}.Release|x86.ActiveCfg = Release|Any CPU
		{DA61F81D-CD5C-4B0E-B6D2-BC1E444CFFD6}.Debug|Any CPU.ActiveCfg = Debug|Any CPU
		{DA61F81D-CD5C-4B0E-B6D2-BC1E444CFFD6}.Debug|Any CPU.Build.0 = Debug|Any CPU
		{DA61F81D-CD5C-4B0E-B6D2-BC1E444CFFD6}.Debug|Mixed Platforms.ActiveCfg = Debug|Any CPU
		{DA61F81D-CD5C-4B0E-B6D2-BC1E444CFFD6}.Debug|Mixed Platforms.Build.0 = Debug|Any CPU
		{DA61F81D-CD5C-4B0E-B6D2-BC1E444CFFD6}.Debug|x86.ActiveCfg = Debug|Any CPU
		{DA61F81D-CD5C-4B0E-B6D2-BC1E444CFFD6}.Release|Any CPU.ActiveCfg = Release|Any CPU
		{DA61F81D-CD5C-4B0E-B6D2-BC1E444CFFD6}.Release|Any CPU.Build.0 = Release|Any CPU
		{DA61F81D-CD5C-4B0E-B6D2-BC1E444CFFD6}.Release|Mixed Platforms.ActiveCfg = Release|Any CPU
		{DA61F81D-CD5C-4B0E-B6D2-BC1E444CFFD6}.Release|Mixed Platforms.Build.0 = Release|Any CPU
		{DA61F81D-CD5C-4B0E-B6D2-BC1E444CFFD6}.Release|x86.ActiveCfg = Release|Any CPU
		{EF3E4903-2FEC-48C1-B05B-8D8763B04337}.Debug|Any CPU.ActiveCfg = Debug|Any CPU
		{EF3E4903-2FEC-48C1-B05B-8D8763B04337}.Debug|Any CPU.Build.0 = Debug|Any CPU
		{EF3E4903-2FEC-48C1-B05B-8D8763B04337}.Debug|Mixed Platforms.ActiveCfg = Debug|Any CPU
		{EF3E4903-2FEC-48C1-B05B-8D8763B04337}.Debug|Mixed Platforms.Build.0 = Debug|Any CPU
		{EF3E4903-2FEC-48C1-B05B-8D8763B04337}.Debug|x86.ActiveCfg = Debug|Any CPU
		{EF3E4903-2FEC-48C1-B05B-8D8763B04337}.Release|Any CPU.ActiveCfg = Release|Any CPU
		{EF3E4903-2FEC-48C1-B05B-8D8763B04337}.Release|Any CPU.Build.0 = Release|Any CPU
		{EF3E4903-2FEC-48C1-B05B-8D8763B04337}.Release|Mixed Platforms.ActiveCfg = Release|Any CPU
		{EF3E4903-2FEC-48C1-B05B-8D8763B04337}.Release|Mixed Platforms.Build.0 = Release|Any CPU
		{EF3E4903-2FEC-48C1-B05B-8D8763B04337}.Release|x86.ActiveCfg = Release|Any CPU
		{1A551A35-8E59-4A0D-B2C0-B87CA7FCB57F}.Debug|Any CPU.ActiveCfg = Debug|Any CPU
		{1A551A35-8E59-4A0D-B2C0-B87CA7FCB57F}.Debug|Any CPU.Build.0 = Debug|Any CPU
		{1A551A35-8E59-4A0D-B2C0-B87CA7FCB57F}.Debug|Mixed Platforms.ActiveCfg = Debug|Any CPU
		{1A551A35-8E59-4A0D-B2C0-B87CA7FCB57F}.Debug|Mixed Platforms.Build.0 = Debug|Any CPU
		{1A551A35-8E59-4A0D-B2C0-B87CA7FCB57F}.Debug|x86.ActiveCfg = Debug|Any CPU
		{1A551A35-8E59-4A0D-B2C0-B87CA7FCB57F}.Release|Any CPU.ActiveCfg = Release|Any CPU
		{1A551A35-8E59-4A0D-B2C0-B87CA7FCB57F}.Release|Any CPU.Build.0 = Release|Any CPU
		{1A551A35-8E59-4A0D-B2C0-B87CA7FCB57F}.Release|Mixed Platforms.ActiveCfg = Release|Any CPU
		{1A551A35-8E59-4A0D-B2C0-B87CA7FCB57F}.Release|Mixed Platforms.Build.0 = Release|Any CPU
		{1A551A35-8E59-4A0D-B2C0-B87CA7FCB57F}.Release|x86.ActiveCfg = Release|Any CPU
		{C82377C3-3890-40D2-859B-9755375F6958}.Debug|Any CPU.ActiveCfg = Debug|Any CPU
		{C82377C3-3890-40D2-859B-9755375F6958}.Debug|Any CPU.Build.0 = Debug|Any CPU
		{C82377C3-3890-40D2-859B-9755375F6958}.Debug|Mixed Platforms.ActiveCfg = Debug|Any CPU
		{C82377C3-3890-40D2-859B-9755375F6958}.Debug|Mixed Platforms.Build.0 = Debug|Any CPU
		{C82377C3-3890-40D2-859B-9755375F6958}.Debug|x86.ActiveCfg = Debug|Any CPU
		{C82377C3-3890-40D2-859B-9755375F6958}.Release|Any CPU.ActiveCfg = Release|Any CPU
		{C82377C3-3890-40D2-859B-9755375F6958}.Release|Any CPU.Build.0 = Release|Any CPU
		{C82377C3-3890-40D2-859B-9755375F6958}.Release|Mixed Platforms.ActiveCfg = Release|Any CPU
		{C82377C3-3890-40D2-859B-9755375F6958}.Release|Mixed Platforms.Build.0 = Release|Any CPU
		{C82377C3-3890-40D2-859B-9755375F6958}.Release|x86.ActiveCfg = Release|Any CPU
		{4536F147-5D28-468F-97C2-32EDE3C96C16}.Debug|Any CPU.ActiveCfg = Debug|Any CPU
		{4536F147-5D28-468F-97C2-32EDE3C96C16}.Debug|Any CPU.Build.0 = Debug|Any CPU
		{4536F147-5D28-468F-97C2-32EDE3C96C16}.Debug|Mixed Platforms.ActiveCfg = Debug|Any CPU
		{4536F147-5D28-468F-97C2-32EDE3C96C16}.Debug|Mixed Platforms.Build.0 = Debug|Any CPU
		{4536F147-5D28-468F-97C2-32EDE3C96C16}.Debug|x86.ActiveCfg = Debug|Any CPU
		{4536F147-5D28-468F-97C2-32EDE3C96C16}.Release|Any CPU.ActiveCfg = Release|Any CPU
		{4536F147-5D28-468F-97C2-32EDE3C96C16}.Release|Any CPU.Build.0 = Release|Any CPU
		{4536F147-5D28-468F-97C2-32EDE3C96C16}.Release|Mixed Platforms.ActiveCfg = Release|Any CPU
		{4536F147-5D28-468F-97C2-32EDE3C96C16}.Release|Mixed Platforms.Build.0 = Release|Any CPU
		{4536F147-5D28-468F-97C2-32EDE3C96C16}.Release|x86.ActiveCfg = Release|Any CPU
		{105B71A6-9C2A-4F9F-BBDA-37241B851D9D}.Debug|Any CPU.ActiveCfg = Debug|Any CPU
		{105B71A6-9C2A-4F9F-BBDA-37241B851D9D}.Debug|Any CPU.Build.0 = Debug|Any CPU
		{105B71A6-9C2A-4F9F-BBDA-37241B851D9D}.Debug|Mixed Platforms.ActiveCfg = Debug|Any CPU
		{105B71A6-9C2A-4F9F-BBDA-37241B851D9D}.Debug|Mixed Platforms.Build.0 = Debug|Any CPU
		{105B71A6-9C2A-4F9F-BBDA-37241B851D9D}.Debug|x86.ActiveCfg = Debug|Any CPU
		{105B71A6-9C2A-4F9F-BBDA-37241B851D9D}.Release|Any CPU.ActiveCfg = Release|Any CPU
		{105B71A6-9C2A-4F9F-BBDA-37241B851D9D}.Release|Any CPU.Build.0 = Release|Any CPU
		{105B71A6-9C2A-4F9F-BBDA-37241B851D9D}.Release|Mixed Platforms.ActiveCfg = Release|Any CPU
		{105B71A6-9C2A-4F9F-BBDA-37241B851D9D}.Release|Mixed Platforms.Build.0 = Release|Any CPU
		{105B71A6-9C2A-4F9F-BBDA-37241B851D9D}.Release|x86.ActiveCfg = Release|Any CPU
		{559E9C2C-01CA-4665-83BF-6A757E71818B}.Debug|Any CPU.ActiveCfg = Debug|Any CPU
		{559E9C2C-01CA-4665-83BF-6A757E71818B}.Debug|Any CPU.Build.0 = Debug|Any CPU
		{559E9C2C-01CA-4665-83BF-6A757E71818B}.Debug|Mixed Platforms.ActiveCfg = Debug|Any CPU
		{559E9C2C-01CA-4665-83BF-6A757E71818B}.Debug|Mixed Platforms.Build.0 = Debug|Any CPU
		{559E9C2C-01CA-4665-83BF-6A757E71818B}.Debug|x86.ActiveCfg = Debug|Any CPU
		{559E9C2C-01CA-4665-83BF-6A757E71818B}.Release|Any CPU.ActiveCfg = Release|Any CPU
		{559E9C2C-01CA-4665-83BF-6A757E71818B}.Release|Any CPU.Build.0 = Release|Any CPU
		{559E9C2C-01CA-4665-83BF-6A757E71818B}.Release|Mixed Platforms.ActiveCfg = Release|Any CPU
		{559E9C2C-01CA-4665-83BF-6A757E71818B}.Release|Mixed Platforms.Build.0 = Release|Any CPU
		{559E9C2C-01CA-4665-83BF-6A757E71818B}.Release|x86.ActiveCfg = Release|Any CPU
		{A4C2573E-4B4C-4ABC-98D6-4FA2AA85AE5E}.Debug|Any CPU.ActiveCfg = Debug|Any CPU
		{A4C2573E-4B4C-4ABC-98D6-4FA2AA85AE5E}.Debug|Any CPU.Build.0 = Debug|Any CPU
		{A4C2573E-4B4C-4ABC-98D6-4FA2AA85AE5E}.Debug|Mixed Platforms.ActiveCfg = Debug|Any CPU
		{A4C2573E-4B4C-4ABC-98D6-4FA2AA85AE5E}.Debug|Mixed Platforms.Build.0 = Debug|Any CPU
		{A4C2573E-4B4C-4ABC-98D6-4FA2AA85AE5E}.Debug|x86.ActiveCfg = Debug|Any CPU
		{A4C2573E-4B4C-4ABC-98D6-4FA2AA85AE5E}.Release|Any CPU.ActiveCfg = Release|Any CPU
		{A4C2573E-4B4C-4ABC-98D6-4FA2AA85AE5E}.Release|Any CPU.Build.0 = Release|Any CPU
		{A4C2573E-4B4C-4ABC-98D6-4FA2AA85AE5E}.Release|Mixed Platforms.ActiveCfg = Release|Any CPU
		{A4C2573E-4B4C-4ABC-98D6-4FA2AA85AE5E}.Release|Mixed Platforms.Build.0 = Release|Any CPU
		{A4C2573E-4B4C-4ABC-98D6-4FA2AA85AE5E}.Release|x86.ActiveCfg = Release|Any CPU
		{CC16A028-84D2-4018-9D6C-D282B01BD00C}.Debug|Any CPU.ActiveCfg = Debug|Any CPU
		{CC16A028-84D2-4018-9D6C-D282B01BD00C}.Debug|Any CPU.Build.0 = Debug|Any CPU
		{CC16A028-84D2-4018-9D6C-D282B01BD00C}.Debug|Mixed Platforms.ActiveCfg = Debug|Any CPU
		{CC16A028-84D2-4018-9D6C-D282B01BD00C}.Debug|Mixed Platforms.Build.0 = Debug|Any CPU
		{CC16A028-84D2-4018-9D6C-D282B01BD00C}.Debug|x86.ActiveCfg = Debug|Any CPU
		{CC16A028-84D2-4018-9D6C-D282B01BD00C}.Release|Any CPU.ActiveCfg = Release|Any CPU
		{CC16A028-84D2-4018-9D6C-D282B01BD00C}.Release|Any CPU.Build.0 = Release|Any CPU
		{CC16A028-84D2-4018-9D6C-D282B01BD00C}.Release|Mixed Platforms.ActiveCfg = Release|Any CPU
		{CC16A028-84D2-4018-9D6C-D282B01BD00C}.Release|Mixed Platforms.Build.0 = Release|Any CPU
		{CC16A028-84D2-4018-9D6C-D282B01BD00C}.Release|x86.ActiveCfg = Release|Any CPU
		{EA837AF3-7951-4923-B5DF-98259C0D3454}.Debug|Any CPU.ActiveCfg = Debug|Any CPU
		{EA837AF3-7951-4923-B5DF-98259C0D3454}.Debug|Any CPU.Build.0 = Debug|Any CPU
		{EA837AF3-7951-4923-B5DF-98259C0D3454}.Debug|Mixed Platforms.ActiveCfg = Debug|Any CPU
		{EA837AF3-7951-4923-B5DF-98259C0D3454}.Debug|Mixed Platforms.Build.0 = Debug|Any CPU
		{EA837AF3-7951-4923-B5DF-98259C0D3454}.Debug|x86.ActiveCfg = Debug|Any CPU
		{EA837AF3-7951-4923-B5DF-98259C0D3454}.Release|Any CPU.ActiveCfg = Release|Any CPU
		{EA837AF3-7951-4923-B5DF-98259C0D3454}.Release|Any CPU.Build.0 = Release|Any CPU
		{EA837AF3-7951-4923-B5DF-98259C0D3454}.Release|Mixed Platforms.ActiveCfg = Release|Any CPU
		{EA837AF3-7951-4923-B5DF-98259C0D3454}.Release|Mixed Platforms.Build.0 = Release|Any CPU
		{EA837AF3-7951-4923-B5DF-98259C0D3454}.Release|x86.ActiveCfg = Release|Any CPU
		{C4BC2AFB-B2EA-461E-9F07-BC4D86E8F5C7}.Debug|Any CPU.ActiveCfg = Debug|Any CPU
		{C4BC2AFB-B2EA-461E-9F07-BC4D86E8F5C7}.Debug|Any CPU.Build.0 = Debug|Any CPU
		{C4BC2AFB-B2EA-461E-9F07-BC4D86E8F5C7}.Debug|Mixed Platforms.ActiveCfg = Debug|Any CPU
		{C4BC2AFB-B2EA-461E-9F07-BC4D86E8F5C7}.Debug|Mixed Platforms.Build.0 = Debug|Any CPU
		{C4BC2AFB-B2EA-461E-9F07-BC4D86E8F5C7}.Debug|x86.ActiveCfg = Debug|Any CPU
		{C4BC2AFB-B2EA-461E-9F07-BC4D86E8F5C7}.Release|Any CPU.ActiveCfg = Release|Any CPU
		{C4BC2AFB-B2EA-461E-9F07-BC4D86E8F5C7}.Release|Any CPU.Build.0 = Release|Any CPU
		{C4BC2AFB-B2EA-461E-9F07-BC4D86E8F5C7}.Release|Mixed Platforms.ActiveCfg = Release|Any CPU
		{C4BC2AFB-B2EA-461E-9F07-BC4D86E8F5C7}.Release|Mixed Platforms.Build.0 = Release|Any CPU
		{C4BC2AFB-B2EA-461E-9F07-BC4D86E8F5C7}.Release|x86.ActiveCfg = Release|Any CPU
		{F85DB15C-D861-4338-8A0B-3D4AD270681C}.Debug|Any CPU.ActiveCfg = Debug|Any CPU
		{F85DB15C-D861-4338-8A0B-3D4AD270681C}.Debug|Any CPU.Build.0 = Debug|Any CPU
		{F85DB15C-D861-4338-8A0B-3D4AD270681C}.Debug|Mixed Platforms.ActiveCfg = Debug|Any CPU
		{F85DB15C-D861-4338-8A0B-3D4AD270681C}.Debug|Mixed Platforms.Build.0 = Debug|Any CPU
		{F85DB15C-D861-4338-8A0B-3D4AD270681C}.Debug|x86.ActiveCfg = Debug|Any CPU
		{F85DB15C-D861-4338-8A0B-3D4AD270681C}.Release|Any CPU.ActiveCfg = Release|Any CPU
		{F85DB15C-D861-4338-8A0B-3D4AD270681C}.Release|Any CPU.Build.0 = Release|Any CPU
		{F85DB15C-D861-4338-8A0B-3D4AD270681C}.Release|Mixed Platforms.ActiveCfg = Release|Any CPU
		{F85DB15C-D861-4338-8A0B-3D4AD270681C}.Release|Mixed Platforms.Build.0 = Release|Any CPU
		{F85DB15C-D861-4338-8A0B-3D4AD270681C}.Release|x86.ActiveCfg = Release|Any CPU
		{06E5B290-28D4-4713-B20C-0CB180B69494}.Debug|Any CPU.ActiveCfg = Debug|Any CPU
		{06E5B290-28D4-4713-B20C-0CB180B69494}.Debug|Any CPU.Build.0 = Debug|Any CPU
		{06E5B290-28D4-4713-B20C-0CB180B69494}.Debug|Mixed Platforms.ActiveCfg = Debug|Any CPU
		{06E5B290-28D4-4713-B20C-0CB180B69494}.Debug|Mixed Platforms.Build.0 = Debug|Any CPU
		{06E5B290-28D4-4713-B20C-0CB180B69494}.Debug|x86.ActiveCfg = Debug|Any CPU
		{06E5B290-28D4-4713-B20C-0CB180B69494}.Release|Any CPU.ActiveCfg = Release|Any CPU
		{06E5B290-28D4-4713-B20C-0CB180B69494}.Release|Any CPU.Build.0 = Release|Any CPU
		{06E5B290-28D4-4713-B20C-0CB180B69494}.Release|Mixed Platforms.ActiveCfg = Release|Any CPU
		{06E5B290-28D4-4713-B20C-0CB180B69494}.Release|Mixed Platforms.Build.0 = Release|Any CPU
		{06E5B290-28D4-4713-B20C-0CB180B69494}.Release|x86.ActiveCfg = Release|Any CPU
		{54B59ECA-83B7-43F8-9065-C684F690ABC0}.Debug|Any CPU.ActiveCfg = Debug|Any CPU
		{54B59ECA-83B7-43F8-9065-C684F690ABC0}.Debug|Any CPU.Build.0 = Debug|Any CPU
		{54B59ECA-83B7-43F8-9065-C684F690ABC0}.Debug|Mixed Platforms.ActiveCfg = Debug|Any CPU
		{54B59ECA-83B7-43F8-9065-C684F690ABC0}.Debug|Mixed Platforms.Build.0 = Debug|Any CPU
		{54B59ECA-83B7-43F8-9065-C684F690ABC0}.Debug|x86.ActiveCfg = Debug|Any CPU
		{54B59ECA-83B7-43F8-9065-C684F690ABC0}.Release|Any CPU.ActiveCfg = Release|Any CPU
		{54B59ECA-83B7-43F8-9065-C684F690ABC0}.Release|Any CPU.Build.0 = Release|Any CPU
		{54B59ECA-83B7-43F8-9065-C684F690ABC0}.Release|Mixed Platforms.ActiveCfg = Release|Any CPU
		{54B59ECA-83B7-43F8-9065-C684F690ABC0}.Release|Mixed Platforms.Build.0 = Release|Any CPU
		{54B59ECA-83B7-43F8-9065-C684F690ABC0}.Release|x86.ActiveCfg = Release|Any CPU
		{FF2BAC87-6727-4CA1-A43D-83288ADA0895}.Debug|Any CPU.ActiveCfg = Debug|Any CPU
		{FF2BAC87-6727-4CA1-A43D-83288ADA0895}.Debug|Any CPU.Build.0 = Debug|Any CPU
		{FF2BAC87-6727-4CA1-A43D-83288ADA0895}.Debug|Mixed Platforms.ActiveCfg = Debug|Any CPU
		{FF2BAC87-6727-4CA1-A43D-83288ADA0895}.Debug|Mixed Platforms.Build.0 = Debug|Any CPU
		{FF2BAC87-6727-4CA1-A43D-83288ADA0895}.Debug|x86.ActiveCfg = Debug|Any CPU
		{FF2BAC87-6727-4CA1-A43D-83288ADA0895}.Release|Any CPU.ActiveCfg = Release|Any CPU
		{FF2BAC87-6727-4CA1-A43D-83288ADA0895}.Release|Any CPU.Build.0 = Release|Any CPU
		{FF2BAC87-6727-4CA1-A43D-83288ADA0895}.Release|Mixed Platforms.ActiveCfg = Release|Any CPU
		{FF2BAC87-6727-4CA1-A43D-83288ADA0895}.Release|Mixed Platforms.Build.0 = Release|Any CPU
		{FF2BAC87-6727-4CA1-A43D-83288ADA0895}.Release|x86.ActiveCfg = Release|Any CPU
		{5089581E-FB76-4D6F-A8A1-374339059B03}.Debug|Any CPU.ActiveCfg = Debug|Any CPU
		{5089581E-FB76-4D6F-A8A1-374339059B03}.Debug|Any CPU.Build.0 = Debug|Any CPU
		{5089581E-FB76-4D6F-A8A1-374339059B03}.Debug|Mixed Platforms.ActiveCfg = Debug|Any CPU
		{5089581E-FB76-4D6F-A8A1-374339059B03}.Debug|Mixed Platforms.Build.0 = Debug|Any CPU
		{5089581E-FB76-4D6F-A8A1-374339059B03}.Debug|x86.ActiveCfg = Debug|Any CPU
		{5089581E-FB76-4D6F-A8A1-374339059B03}.Release|Any CPU.ActiveCfg = Release|Any CPU
		{5089581E-FB76-4D6F-A8A1-374339059B03}.Release|Any CPU.Build.0 = Release|Any CPU
		{5089581E-FB76-4D6F-A8A1-374339059B03}.Release|Mixed Platforms.ActiveCfg = Release|Any CPU
		{5089581E-FB76-4D6F-A8A1-374339059B03}.Release|Mixed Platforms.Build.0 = Release|Any CPU
		{5089581E-FB76-4D6F-A8A1-374339059B03}.Release|x86.ActiveCfg = Release|Any CPU
		{4C1D66EB-9841-4703-B31C-6FE081152718}.Debug|Any CPU.ActiveCfg = Debug|Any CPU
		{4C1D66EB-9841-4703-B31C-6FE081152718}.Debug|Any CPU.Build.0 = Debug|Any CPU
		{4C1D66EB-9841-4703-B31C-6FE081152718}.Debug|Mixed Platforms.ActiveCfg = Debug|Any CPU
		{4C1D66EB-9841-4703-B31C-6FE081152718}.Debug|Mixed Platforms.Build.0 = Debug|Any CPU
		{4C1D66EB-9841-4703-B31C-6FE081152718}.Debug|x86.ActiveCfg = Debug|Any CPU
		{4C1D66EB-9841-4703-B31C-6FE081152718}.Release|Any CPU.ActiveCfg = Release|Any CPU
		{4C1D66EB-9841-4703-B31C-6FE081152718}.Release|Any CPU.Build.0 = Release|Any CPU
		{4C1D66EB-9841-4703-B31C-6FE081152718}.Release|Mixed Platforms.ActiveCfg = Release|Any CPU
		{4C1D66EB-9841-4703-B31C-6FE081152718}.Release|Mixed Platforms.Build.0 = Release|Any CPU
		{4C1D66EB-9841-4703-B31C-6FE081152718}.Release|x86.ActiveCfg = Release|Any CPU
		{0BB048BF-B33D-462E-A745-F5AFD5ACFC93}.Debug|Any CPU.ActiveCfg = Debug|Any CPU
		{0BB048BF-B33D-462E-A745-F5AFD5ACFC93}.Debug|Any CPU.Build.0 = Debug|Any CPU
		{0BB048BF-B33D-462E-A745-F5AFD5ACFC93}.Debug|Mixed Platforms.ActiveCfg = Debug|Any CPU
		{0BB048BF-B33D-462E-A745-F5AFD5ACFC93}.Debug|Mixed Platforms.Build.0 = Debug|Any CPU
		{0BB048BF-B33D-462E-A745-F5AFD5ACFC93}.Debug|x86.ActiveCfg = Debug|Any CPU
		{0BB048BF-B33D-462E-A745-F5AFD5ACFC93}.Release|Any CPU.ActiveCfg = Release|Any CPU
		{0BB048BF-B33D-462E-A745-F5AFD5ACFC93}.Release|Any CPU.Build.0 = Release|Any CPU
		{0BB048BF-B33D-462E-A745-F5AFD5ACFC93}.Release|Mixed Platforms.ActiveCfg = Release|Any CPU
		{0BB048BF-B33D-462E-A745-F5AFD5ACFC93}.Release|Mixed Platforms.Build.0 = Release|Any CPU
		{0BB048BF-B33D-462E-A745-F5AFD5ACFC93}.Release|x86.ActiveCfg = Release|Any CPU
	EndGlobalSection
	GlobalSection(SolutionProperties) = preSolution
		HideSolutionNode = FALSE
	EndGlobalSection
EndGlobal
